// !$*UTF8*$!
{
	archiveVersion = 1;
	classes = {
	};
	objectVersion = 77;
	objects = {

/* Begin PBXBuildFile section */
		6A6285872F97C051005AF223 /* WidgetKit.framework in Frameworks */ = {isa = PBXBuildFile; fileRef = 6A6285862F97C051005AF223 /* WidgetKit.framework */; };
		6A6285892F97C051005AF223 /* SwiftUI.framework in Frameworks */ = {isa = PBXBuildFile; fileRef = 6A6285882F97C051005AF223 /* SwiftUI.framework */; };
		6A62859A2F97C052005AF223 /* SubTallyWidgetExtension.appex in Embed Foundation Extensions */ = {isa = PBXBuildFile; fileRef = 6A6285842F97C051005AF223 /* SubTallyWidgetExtension.appex */; settings = {ATTRIBUTES = (RemoveHeadersOnCopy, ); }; };
/* End PBXBuildFile section */

/* Begin PBXContainerItemProxy section */
		6A34F0242F97930D00E67D88 /* PBXContainerItemProxy */ = {
			isa = PBXContainerItemProxy;
			containerPortal = 6A34F00E2F97930B00E67D88 /* Project object */;
			proxyType = 1;
			remoteGlobalIDString = 6A34F0152F97930B00E67D88;
			remoteInfo = SubTally;
		};
		6A34F02E2F97930D00E67D88 /* PBXContainerItemProxy */ = {
			isa = PBXContainerItemProxy;
			containerPortal = 6A34F00E2F97930B00E67D88 /* Project object */;
			proxyType = 1;
			remoteGlobalIDString = 6A34F0152F97930B00E67D88;
			remoteInfo = SubTally;
		};
		6A6285982F97C052005AF223 /* PBXContainerItemProxy */ = {
			isa = PBXContainerItemProxy;
			containerPortal = 6A34F00E2F97930B00E67D88 /* Project object */;
			proxyType = 1;
			remoteGlobalIDString = 6A6285832F97C051005AF223;
			remoteInfo = SubTallyWidgetExtension;
		};
/* End PBXContainerItemProxy section */

/* Begin PBXCopyFilesBuildPhase section */
		6A62859F2F97C052005AF223 /* Embed Foundation Extensions */ = {
			isa = PBXCopyFilesBuildPhase;
			buildActionMask = 2147483647;
			dstPath = "";
			dstSubfolderSpec = 13;
			files = (
				6A62859A2F97C052005AF223 /* SubTallyWidgetExtension.appex in Embed Foundation Extensions */,
			);
			name = "Embed Foundation Extensions";
			runOnlyForDeploymentPostprocessing = 0;
		};
/* End PBXCopyFilesBuildPhase section */

/* Begin PBXFileReference section */
		6A34F0162F97930B00E67D88 /* SubTally.app */ = {isa = PBXFileReference; explicitFileType = wrapper.application; includeInIndex = 0; path = SubTally.app; sourceTree = BUILT_PRODUCTS_DIR; };
		6A34F0232F97930D00E67D88 /* SubTallyTests.xctest */ = {isa = PBXFileReference; explicitFileType = wrapper.cfbundle; includeInIndex = 0; path = SubTallyTests.xctest; sourceTree = BUILT_PRODUCTS_DIR; };
		6A34F02D2F97930D00E67D88 /* SubTallyUITests.xctest */ = {isa = PBXFileReference; explicitFileType = wrapper.cfbundle; includeInIndex = 0; path = SubTallyUITests.xctest; sourceTree = BUILT_PRODUCTS_DIR; };
		6A6285842F97C051005AF223 /* SubTallyWidgetExtension.appex */ = {isa = PBXFileReference; explicitFileType = "wrapper.app-extension"; includeInIndex = 0; path = SubTallyWidgetExtension.appex; sourceTree = BUILT_PRODUCTS_DIR; };
		6A6285862F97C051005AF223 /* WidgetKit.framework */ = {isa = PBXFileReference; lastKnownFileType = wrapper.framework; name = WidgetKit.framework; path = System/Library/Frameworks/WidgetKit.framework; sourceTree = SDKROOT; };
		6A6285882F97C051005AF223 /* SwiftUI.framework */ = {isa = PBXFileReference; lastKnownFileType = wrapper.framework; name = SwiftUI.framework; path = System/Library/Frameworks/SwiftUI.framework; sourceTree = SDKROOT; };
		6A6285A02F97C05B005AF223 /* SubTallyWidgetExtension.entitlements */ = {isa = PBXFileReference; lastKnownFileType = text.plist.entitlements; path = SubTallyWidgetExtension.entitlements; sourceTree = "<group>"; };
/* End PBXFileReference section */

/* Begin PBXFileSystemSynchronizedBuildFileExceptionSet section */
		6A62859B2F97C052005AF223 /* Exceptions for "SubTallyWidget" folder in "SubTallyWidgetExtension" target */ = {
			isa = PBXFileSystemSynchronizedBuildFileExceptionSet;
			membershipExceptions = (
				Info.plist,
			);
			target = 6A6285832F97C051005AF223 /* SubTallyWidgetExtension */;
		};
/* End PBXFileSystemSynchronizedBuildFileExceptionSet section */

/* Begin PBXFileSystemSynchronizedRootGroup section */
		6A34F0182F97930B00E67D88 /* SubTally */ = {
			isa = PBXFileSystemSynchronizedRootGroup;
			path = SubTally;
			sourceTree = "<group>";
		};
		6A34F0262F97930D00E67D88 /* SubTallyTests */ = {
			isa = PBXFileSystemSynchronizedRootGroup;
			path = SubTallyTests;
			sourceTree = "<group>";
		};
		6A34F0302F97930D00E67D88 /* SubTallyUITests */ = {
			isa = PBXFileSystemSynchronizedRootGroup;
			path = SubTallyUITests;
			sourceTree = "<group>";
		};
		6A62858A2F97C051005AF223 /* SubTallyWidget */ = {
			isa = PBXFileSystemSynchronizedRootGroup;
			exceptions = (
				6A62859B2F97C052005AF223 /* Exceptions for "SubTallyWidget" folder in "SubTallyWidgetExtension" target */,
			);
			path = SubTallyWidget;
			sourceTree = "<group>";
		};
/* End PBXFileSystemSynchronizedRootGroup section */

/* Begin PBXFrameworksBuildPhase section */
		6A34F0132F97930B00E67D88 /* Frameworks */ = {
			isa = PBXFrameworksBuildPhase;
			buildActionMask = 2147483647;
			files = (
			);
			runOnlyForDeploymentPostprocessing = 0;
		};
		6A34F0202F97930D00E67D88 /* Frameworks */ = {
			isa = PBXFrameworksBuildPhase;
			buildActionMask = 2147483647;
			files = (
			);
			runOnlyForDeploymentPostprocessing = 0;
		};
		6A34F02A2F97930D00E67D88 /* Frameworks */ = {
			isa = PBXFrameworksBuildPhase;
			buildActionMask = 2147483647;
			files = (
			);
			runOnlyForDeploymentPostprocessing = 0;
		};
		6A6285812F97C051005AF223 /* Frameworks */ = {
			isa = PBXFrameworksBuildPhase;
			buildActionMask = 2147483647;
			files = (
				6A6285892F97C051005AF223 /* SwiftUI.framework in Frameworks */,
				6A6285872F97C051005AF223 /* WidgetKit.framework in Frameworks */,
			);
			runOnlyForDeploymentPostprocessing = 0;
		};
/* End PBXFrameworksBuildPhase section */

/* Begin PBXGroup section */
		6A34F00D2F97930B00E67D88 = {
			isa = PBXGroup;
			children = (
				6A6285A02F97C05B005AF223 /* SubTallyWidgetExtension.entitlements */,
				6A34F0182F97930B00E67D88 /* SubTally */,
				6A34F0262F97930D00E67D88 /* SubTallyTests */,
				6A34F0302F97930D00E67D88 /* SubTallyUITests */,
				6A62858A2F97C051005AF223 /* SubTallyWidget */,
				6A6285852F97C051005AF223 /* Frameworks */,
				6A34F0172F97930B00E67D88 /* Products */,
			);
			sourceTree = "<group>";
		};
		6A34F0172F97930B00E67D88 /* Products */ = {
			isa = PBXGroup;
			children = (
				6A34F0162F97930B00E67D88 /* SubTally.app */,
				6A34F0232F97930D00E67D88 /* SubTallyTests.xctest */,
				6A34F02D2F97930D00E67D88 /* SubTallyUITests.xctest */,
				6A6285842F97C051005AF223 /* SubTallyWidgetExtension.appex */,
			);
			name = Products;
			sourceTree = "<group>";
		};
		6A6285852F97C051005AF223 /* Frameworks */ = {
			isa = PBXGroup;
			children = (
				6A6285862F97C051005AF223 /* WidgetKit.framework */,
				6A6285882F97C051005AF223 /* SwiftUI.framework */,
			);
			name = Frameworks;
			sourceTree = "<group>";
		};
/* End PBXGroup section */

/* Begin PBXNativeTarget section */
		6A34F0152F97930B00E67D88 /* SubTally */ = {
			isa = PBXNativeTarget;
			buildConfigurationList = 6A34F0372F97930D00E67D88 /* Build configuration list for PBXNativeTarget "SubTally" */;
			buildPhases = (
				6A34F0122F97930B00E67D88 /* Sources */,
				6A34F0132F97930B00E67D88 /* Frameworks */,
				6A34F0142F97930B00E67D88 /* Resources */,
				6A62859F2F97C052005AF223 /* Embed Foundation Extensions */,
			);
			buildRules = (
			);
			dependencies = (
				6A6285992F97C052005AF223 /* PBXTargetDependency */,
			);
			fileSystemSynchronizedGroups = (
				6A34F0182F97930B00E67D88 /* SubTally */,
			);
			name = SubTally;
			packageProductDependencies = (
			);
			productName = SubTally;
			productReference = 6A34F0162F97930B00E67D88 /* SubTally.app */;
			productType = "com.apple.product-type.application";
		};
		6A34F0222F97930D00E67D88 /* SubTallyTests */ = {
			isa = PBXNativeTarget;
			buildConfigurationList = 6A34F03A2F97930D00E67D88 /* Build configuration list for PBXNativeTarget "SubTallyTests" */;
			buildPhases = (
				6A34F01F2F97930D00E67D88 /* Sources */,
				6A34F0202F97930D00E67D88 /* Frameworks */,
				6A34F0212F97930D00E67D88 /* Resources */,
			);
			buildRules = (
			);
			dependencies = (
				6A34F0252F97930D00E67D88 /* PBXTargetDependency */,
			);
			fileSystemSynchronizedGroups = (
				6A34F0262F97930D00E67D88 /* SubTallyTests */,
			);
			name = SubTallyTests;
			packageProductDependencies = (
			);
			productName = SubTallyTests;
			productReference = 6A34F0232F97930D00E67D88 /* SubTallyTests.xctest */;
			productType = "com.apple.product-type.bundle.unit-test";
		};
		6A34F02C2F97930D00E67D88 /* SubTallyUITests */ = {
			isa = PBXNativeTarget;
			buildConfigurationList = 6A34F03D2F97930D00E67D88 /* Build configuration list for PBXNativeTarget "SubTallyUITests" */;
			buildPhases = (
				6A34F0292F97930D00E67D88 /* Sources */,
				6A34F02A2F97930D00E67D88 /* Frameworks */,
				6A34F02B2F97930D00E67D88 /* Resources */,
			);
			buildRules = (
			);
			dependencies = (
				6A34F02F2F97930D00E67D88 /* PBXTargetDependency */,
			);
			fileSystemSynchronizedGroups = (
				6A34F0302F97930D00E67D88 /* SubTallyUITests */,
			);
			name = SubTallyUITests;
			packageProductDependencies = (
			);
			productName = SubTallyUITests;
			productReference = 6A34F02D2F97930D00E67D88 /* SubTallyUITests.xctest */;
			productType = "com.apple.product-type.bundle.ui-testing";
		};
		6A6285832F97C051005AF223 /* SubTallyWidgetExtension */ = {
			isa = PBXNativeTarget;
			buildConfigurationList = 6A62859C2F97C052005AF223 /* Build configuration list for PBXNativeTarget "SubTallyWidgetExtension" */;
			buildPhases = (
				6A6285802F97C051005AF223 /* Sources */,
				6A6285812F97C051005AF223 /* Frameworks */,
				6A6285822F97C051005AF223 /* Resources */,
			);
			buildRules = (
			);
			dependencies = (
			);
			fileSystemSynchronizedGroups = (
				6A62858A2F97C051005AF223 /* SubTallyWidget */,
			);
			name = SubTallyWidgetExtension;
			packageProductDependencies = (
			);
			productName = SubTallyWidgetExtension;
			productReference = 6A6285842F97C051005AF223 /* SubTallyWidgetExtension.appex */;
			productType = "com.apple.product-type.app-extension";
		};
/* End PBXNativeTarget section */

/* Begin PBXProject section */
		6A34F00E2F97930B00E67D88 /* Project object */ = {
			isa = PBXProject;
			attributes = {
				BuildIndependentTargetsInParallel = 1;
				LastSwiftUpdateCheck = 1630;
				LastUpgradeCheck = 1630;
				TargetAttributes = {
					6A34F0152F97930B00E67D88 = {
						CreatedOnToolsVersion = 16.3;
					};
					6A34F0222F97930D00E67D88 = {
						CreatedOnToolsVersion = 16.3;
						TestTargetID = 6A34F0152F97930B00E67D88;
					};
					6A34F02C2F97930D00E67D88 = {
						CreatedOnToolsVersion = 16.3;
						TestTargetID = 6A34F0152F97930B00E67D88;
					};
					6A6285832F97C051005AF223 = {
						CreatedOnToolsVersion = 16.3;
					};
				};
			};
			buildConfigurationList = 6A34F0112F97930B00E67D88 /* Build configuration list for PBXProject "SubTally" */;
			developmentRegion = en;
			hasScannedForEncodings = 0;
			knownRegions = (
				en,
				Base,
			);
			mainGroup = 6A34F00D2F97930B00E67D88;
			minimizedProjectReferenceProxies = 1;
			preferredProjectObjectVersion = 77;
			productRefGroup = 6A34F0172F97930B00E67D88 /* Products */;
			projectDirPath = "";
			projectRoot = "";
			targets = (
				6A34F0152F97930B00E67D88 /* SubTally */,
				6A34F0222F97930D00E67D88 /* SubTallyTests */,
				6A34F02C2F97930D00E67D88 /* SubTallyUITests */,
				6A6285832F97C051005AF223 /* SubTallyWidgetExtension */,
			);
		};
/* End PBXProject section */

/* Begin PBXResourcesBuildPhase section */
		6A34F0142F97930B00E67D88 /* Resources */ = {
			isa = PBXResourcesBuildPhase;
			buildActionMask = 2147483647;
			files = (
			);
			runOnlyForDeploymentPostprocessing = 0;
		};
		6A34F0212F97930D00E67D88 /* Resources */ = {
			isa = PBXResourcesBuildPhase;
			buildActionMask = 2147483647;
			files = (
			);
			runOnlyForDeploymentPostprocessing = 0;
		};
		6A34F02B2F97930D00E67D88 /* Resources */ = {
			isa = PBXResourcesBuildPhase;
			buildActionMask = 2147483647;
			files = (
			);
			runOnlyForDeploymentPostprocessing = 0;
		};
		6A6285822F97C051005AF223 /* Resources */ = {
			isa = PBXResourcesBuildPhase;
			buildActionMask = 2147483647;
			files = (
			);
			runOnlyForDeploymentPostprocessing = 0;
		};
/* End PBXResourcesBuildPhase section */

/* Begin PBXSourcesBuildPhase section */
		6A34F0122F97930B00E67D88 /* Sources */ = {
			isa = PBXSourcesBuildPhase;
			buildActionMask = 2147483647;
			files = (
			);
			runOnlyForDeploymentPostprocessing = 0;
		};
		6A34F01F2F97930D00E67D88 /* Sources */ = {
			isa = PBXSourcesBuildPhase;
			buildActionMask = 2147483647;
			files = (
			);
			runOnlyForDeploymentPostprocessing = 0;
		};
		6A34F0292F97930D00E67D88 /* Sources */ = {
			isa = PBXSourcesBuildPhase;
			buildActionMask = 2147483647;
			files = (
			);
			runOnlyForDeploymentPostprocessing = 0;
		};
		6A6285802F97C051005AF223 /* Sources */ = {
			isa = PBXSourcesBuildPhase;
			buildActionMask = 2147483647;
			files = (
			);
			runOnlyForDeploymentPostprocessing = 0;
		};
/* End PBXSourcesBuildPhase section */

/* Begin PBXTargetDependency section */
		6A34F0252F97930D00E67D88 /* PBXTargetDependency */ = {
			isa = PBXTargetDependency;
			target = 6A34F0152F97930B00E67D88 /* SubTally */;
			targetProxy = 6A34F0242F97930D00E67D88 /* PBXContainerItemProxy */;
		};
		6A34F02F2F97930D00E67D88 /* PBXTargetDependency */ = {
			isa = PBXTargetDependency;
			target = 6A34F0152F97930B00E67D88 /* SubTally */;
			targetProxy = 6A34F02E2F97930D00E67D88 /* PBXContainerItemProxy */;
		};
		6A6285992F97C052005AF223 /* PBXTargetDependency */ = {
			isa = PBXTargetDependency;
			target = 6A6285832F97C051005AF223 /* SubTallyWidgetExtension */;
			targetProxy = 6A6285982F97C052005AF223 /* PBXContainerItemProxy */;
		};
/* End PBXTargetDependency section */

/* Begin XCBuildConfiguration section */
		6A34F0352F97930D00E67D88 /* Debug */ = {
			isa = XCBuildConfiguration;
			buildSettings = {
				ALWAYS_SEARCH_USER_PATHS = NO;
				ASSETCATALOG_COMPILER_GENERATE_SWIFT_ASSET_SYMBOL_EXTENSIONS = YES;
				CLANG_ANALYZER_NONNULL = YES;
				CLANG_ANALYZER_NUMBER_OBJECT_CONVERSION = YES_AGGRESSIVE;
				CLANG_CXX_LANGUAGE_STANDARD = "gnu++20";
				CLANG_ENABLE_MODULES = YES;
				CLANG_ENABLE_OBJC_ARC = YES;
				CLANG_ENABLE_OBJC_WEAK = YES;
				CLANG_WARN_BLOCK_CAPTURE_AUTORELEASING = YES;
				CLANG_WARN_BOOL_CONVERSION = YES;
				CLANG_WARN_COMMA = YES;
				CLANG_WARN_CONSTANT_CONVERSION = YES;
				CLANG_WARN_DEPRECATED_OBJC_IMPLEMENTATIONS = YES;
				CLANG_WARN_DIRECT_OBJC_ISA_USAGE = YES_ERROR;
				CLANG_WARN_DOCUMENTATION_COMMENTS = YES;
				CLANG_WARN_EMPTY_BODY = YES;
				CLANG_WARN_ENUM_CONVERSION = YES;
				CLANG_WARN_INFINITE_RECURSION = YES;
				CLANG_WARN_INT_CONVERSION = YES;
				CLANG_WARN_NON_LITERAL_NULL_CONVERSION = YES;
				CLANG_WARN_OBJC_IMPLICIT_RETAIN_SELF = YES;
				CLANG_WARN_OBJC_LITERAL_CONVERSION = YES;
				CLANG_WARN_OBJC_ROOT_CLASS = YES_ERROR;
				CLANG_WARN_QUOTED_INCLUDE_IN_FRAMEWORK_HEADER = YES;
				CLANG_WARN_RANGE_LOOP_ANALYSIS = YES;
				CLANG_WARN_STRICT_PROTOTYPES = YES;
				CLANG_WARN_SUSPICIOUS_MOVE = YES;
				CLANG_WARN_UNGUARDED_AVAILABILITY = YES_AGGRESSIVE;
				CLANG_WARN_UNREACHABLE_CODE = YES;
				CLANG_WARN__DUPLICATE_METHOD_MATCH = YES;
				COPY_PHASE_STRIP = NO;
				DEBUG_INFORMATION_FORMAT = dwarf;
				DEVELOPMENT_TEAM = JP4TN5PTS3;
				ENABLE_STRICT_OBJC_MSGSEND = YES;
				ENABLE_TESTABILITY = YES;
				ENABLE_USER_SCRIPT_SANDBOXING = YES;
				GCC_C_LANGUAGE_STANDARD = gnu17;
				GCC_DYNAMIC_NO_PIC = NO;
				GCC_NO_COMMON_BLOCKS = YES;
				GCC_OPTIMIZATION_LEVEL = 0;
				GCC_PREPROCESSOR_DEFINITIONS = (
					"DEBUG=1",
					"$(inherited)",
				);
				GCC_WARN_64_TO_32_BIT_CONVERSION = YES;
				GCC_WARN_ABOUT_RETURN_TYPE = YES_ERROR;
				GCC_WARN_UNDECLARED_SELECTOR = YES;
				GCC_WARN_UNINITIALIZED_AUTOS = YES_AGGRESSIVE;
				GCC_WARN_UNUSED_FUNCTION = YES;
				GCC_WARN_UNUSED_VARIABLE = YES;
				IPHONEOS_DEPLOYMENT_TARGET = 18.4;
				LOCALIZATION_PREFERS_STRING_CATALOGS = YES;
				MTL_ENABLE_DEBUG_INFO = INCLUDE_SOURCE;
				MTL_FAST_MATH = YES;
				ONLY_ACTIVE_ARCH = YES;
				SDKROOT = iphoneos;
				SWIFT_ACTIVE_COMPILATION_CONDITIONS = "DEBUG $(inherited)";
				SWIFT_OPTIMIZATION_LEVEL = "-Onone";
			};
			name = Debug;
		};
		6A34F0362F97930D00E67D88 /* Release */ = {
			isa = XCBuildConfiguration;
			buildSettings = {
				ALWAYS_SEARCH_USER_PATHS = NO;
				ASSETCATALOG_COMPILER_GENERATE_SWIFT_ASSET_SYMBOL_EXTENSIONS = YES;
				CLANG_ANALYZER_NONNULL = YES;
				CLANG_ANALYZER_NUMBER_OBJECT_CONVERSION = YES_AGGRESSIVE;
				CLANG_CXX_LANGUAGE_STANDARD = "gnu++20";
				CLANG_ENABLE_MODULES = YES;
				CLANG_ENABLE_OBJC_ARC = YES;
				CLANG_ENABLE_OBJC_WEAK = YES;
				CLANG_WARN_BLOCK_CAPTURE_AUTORELEASING = YES;
				CLANG_WARN_BOOL_CONVERSION = YES;
				CLANG_WARN_COMMA = YES;
				CLANG_WARN_CONSTANT_CONVERSION = YES;
				CLANG_WARN_DEPRECATED_OBJC_IMPLEMENTATIONS = YES;
				CLANG_WARN_DIRECT_OBJC_ISA_USAGE = YES_ERROR;
				CLANG_WARN_DOCUMENTATION_COMMENTS = YES;
				CLANG_WARN_EMPTY_BODY = YES;
				CLANG_WARN_ENUM_CONVERSION = YES;
				CLANG_WARN_INFINITE_RECURSION = YES;
				CLANG_WARN_INT_CONVERSION = YES;
				CLANG_WARN_NON_LITERAL_NULL_CONVERSION = YES;
				CLANG_WARN_OBJC_IMPLICIT_RETAIN_SELF = YES;
				CLANG_WARN_OBJC_LITERAL_CONVERSION = YES;
				CLANG_WARN_OBJC_ROOT_CLASS = YES_ERROR;
				CLANG_WARN_QUOTED_INCLUDE_IN_FRAMEWORK_HEADER = YES;
				CLANG_WARN_RANGE_LOOP_ANALYSIS = YES;
				CLANG_WARN_STRICT_PROTOTYPES = YES;
				CLANG_WARN_SUSPICIOUS_MOVE = YES;
				CLANG_WARN_UNGUARDED_AVAILABILITY = YES_AGGRESSIVE;
				CLANG_WARN_UNREACHABLE_CODE = YES;
				CLANG_WARN__DUPLICATE_METHOD_MATCH = YES;
				COPY_PHASE_STRIP = NO;
				DEBUG_INFORMATION_FORMAT = "dwarf-with-dsym";
				DEVELOPMENT_TEAM = JP4TN5PTS3;
				ENABLE_NS_ASSERTIONS = NO;
				ENABLE_STRICT_OBJC_MSGSEND = YES;
				ENABLE_USER_SCRIPT_SANDBOXING = YES;
				GCC_C_LANGUAGE_STANDARD = gnu17;
				GCC_NO_COMMON_BLOCKS = YES;
				GCC_WARN_64_TO_32_BIT_CONVERSION = YES;
				GCC_WARN_ABOUT_RETURN_TYPE = YES_ERROR;
				GCC_WARN_UNDECLARED_SELECTOR = YES;
				GCC_WARN_UNINITIALIZED_AUTOS = YES_AGGRESSIVE;
				GCC_WARN_UNUSED_FUNCTION = YES;
				GCC_WARN_UNUSED_VARIABLE = YES;
				IPHONEOS_DEPLOYMENT_TARGET = 18.4;
				LOCALIZATION_PREFERS_STRING_CATALOGS = YES;
				MTL_ENABLE_DEBUG_INFO = NO;
				MTL_FAST_MATH = YES;
				SDKROOT = iphoneos;
				SWIFT_COMPILATION_MODE = wholemodule;
				VALIDATE_PRODUCT = YES;
			};
			name = Release;
		};
		6A34F0382F97930D00E67D88 /* Debug */ = {
			isa = XCBuildConfiguration;
			buildSettings = {
				ASSETCATALOG_COMPILER_APPICON_NAME = AppIcon;
				ASSETCATALOG_COMPILER_GLOBAL_ACCENT_COLOR_NAME = AccentColor;
				CODE_SIGN_ENTITLEMENTS = SubTally/SubTally.entitlements;
				CODE_SIGN_STYLE = Automatic;
				CURRENT_PROJECT_VERSION = 1;
				DEVELOPMENT_TEAM = JP4TN5PTS3;
				ENABLE_PREVIEWS = YES;
				GENERATE_INFOPLIST_FILE = YES;
				INFOPLIST_KEY_UIApplicationSceneManifest_Generation = YES;
				INFOPLIST_KEY_UIApplicationSupportsIndirectInputEvents = YES;
				INFOPLIST_KEY_UILaunchScreen_Generation = YES;
				INFOPLIST_KEY_UISupportedInterfaceOrientations_iPad = "UIInterfaceOrientationPortrait UIInterfaceOrientationPortraitUpsideDown UIInterfaceOrientationLandscapeLeft UIInterfaceOrientationLandscapeRight";
				INFOPLIST_KEY_UISupportedInterfaceOrientations_iPhone = "UIInterfaceOrientationPortrait UIInterfaceOrientationLandscapeLeft UIInterfaceOrientationLandscapeRight";
				IPHONEOS_DEPLOYMENT_TARGET = 17;
				LD_RUNPATH_SEARCH_PATHS = (
					"$(inherited)",
					"@executable_path/Frameworks",
				);
				MARKETING_VERSION = 1.0;
				PRODUCT_BUNDLE_IDENTIFIER = com.zzoutuo.SubTally;
				PRODUCT_NAME = "$(TARGET_NAME)";
				SWIFT_EMIT_LOC_STRINGS = YES;
				SWIFT_VERSION = 5.0;
				TARGETED_DEVICE_FAMILY = "1,2";
			};
			name = Debug;
		};
		6A34F0392F97930D00E67D88 /* Release */ = {
			isa = XCBuildConfiguration;
			buildSettings = {
				ASSETCATALOG_COMPILER_APPICON_NAME = AppIcon;
				ASSETCATALOG_COMPILER_GLOBAL_ACCENT_COLOR_NAME = AccentColor;
				CODE_SIGN_ENTITLEMENTS = SubTally/SubTally.entitlements;
				CODE_SIGN_STYLE = Automatic;
				CURRENT_PROJECT_VERSION = 1;
				DEVELOPMENT_TEAM = JP4TN5PTS3;
				ENABLE_PREVIEWS = YES;
				GENERATE_INFOPLIST_FILE = YES;
				INFOPLIST_KEY_UIApplicationSceneManifest_Generation = YES;
				INFOPLIST_KEY_UIApplicationSupportsIndirectInputEvents = YES;
				INFOPLIST_KEY_UILaunchScreen_Generation = YES;
				INFOPLIST_KEY_UISupportedInterfaceOrientations_iPad = "UIInterfaceOrientationPortrait UIInterfaceOrientationPortraitUpsideDown UIInterfaceOrientationLandscapeLeft UIInterfaceOrientationLandscapeRight";
				INFOPLIST_KEY_UISupportedInterfaceOrientations_iPhone = "UIInterfaceOrientationPortrait UIInterfaceOrientationLandscapeLeft UIInterfaceOrientationLandscapeRight";
				IPHONEOS_DEPLOYMENT_TARGET = 17;
				LD_RUNPATH_SEARCH_PATHS = (
					"$(inherited)",
					"@executable_path/Frameworks",
				);
				MARKETING_VERSION = 1.0;
				PRODUCT_BUNDLE_IDENTIFIER = com.zzoutuo.SubTally;
				PRODUCT_NAME = "$(TARGET_NAME)";
				SWIFT_EMIT_LOC_STRINGS = YES;
				SWIFT_VERSION = 5.0;
				TARGETED_DEVICE_FAMILY = "1,2";
			};
			name = Release;
		};
		6A34F03B2F97930D00E67D88 /* Debug */ = {
			isa = XCBuildConfiguration;
			buildSettings = {
				BUNDLE_LOADER = "$(TEST_HOST)";
				CODE_SIGN_STYLE = Automatic;
				CURRENT_PROJECT_VERSION = 1;
				DEVELOPMENT_TEAM = JP4TN5PTS3;
				GENERATE_INFOPLIST_FILE = YES;
				IPHONEOS_DEPLOYMENT_TARGET = 18.4;
				MARKETING_VERSION = 1.0;
				PRODUCT_BUNDLE_IDENTIFIER = com.zzoutuo.SubTally.SubTallyTests;
				PRODUCT_NAME = "$(TARGET_NAME)";
				SWIFT_EMIT_LOC_STRINGS = NO;
				SWIFT_VERSION = 5.0;
				TARGETED_DEVICE_FAMILY = "1,2";
				TEST_HOST = "$(BUILT_PRODUCTS_DIR)/SubTally.app/$(BUNDLE_EXECUTABLE_FOLDER_PATH)/SubTally";
			};
			name = Debug;
		};
		6A34F03C2F97930D00E67D88 /* Release */ = {
			isa = XCBuildConfiguration;
			buildSettings = {
				BUNDLE_LOADER = "$(TEST_HOST)";
				CODE_SIGN_STYLE = Automatic;
				CURRENT_PROJECT_VERSION = 1;
				DEVELOPMENT_TEAM = JP4TN5PTS3;
				GENERATE_INFOPLIST_FILE = YES;
				IPHONEOS_DEPLOYMENT_TARGET = 18.4;
				MARKETING_VERSION = 1.0;
				PRODUCT_BUNDLE_IDENTIFIER = com.zzoutuo.SubTally.SubTallyTests;
				PRODUCT_NAME = "$(TARGET_NAME)";
				SWIFT_EMIT_LOC_STRINGS = NO;
				SWIFT_VERSION = 5.0;
				TARGETED_DEVICE_FAMILY = "1,2";
				TEST_HOST = "$(BUILT_PRODUCTS_DIR)/SubTally.app/$(BUNDLE_EXECUTABLE_FOLDER_PATH)/SubTally";
			};
			name = Release;
		};
		6A34F03E2F97930D00E67D88 /* Debug */ = {
			isa = XCBuildConfiguration;
			buildSettings = {
				CODE_SIGN_STYLE = Automatic;
				CURRENT_PROJECT_VERSION = 1;
				DEVELOPMENT_TEAM = JP4TN5PTS3;
				GENERATE_INFOPLIST_FILE = YES;
				MARKETING_VERSION = 1.0;
				PRODUCT_BUNDLE_IDENTIFIER = com.zzoutuo.SubTally.SubTallyUITests;
				PRODUCT_NAME = "$(TARGET_NAME)";
				SWIFT_EMIT_LOC_STRINGS = NO;
				SWIFT_VERSION = 5.0;
				TARGETED_DEVICE_FAMILY = "1,2";
				TEST_TARGET_NAME = SubTally;
			};
			name = Debug;
		};
		6A34F03F2F97930D00E67D88 /* Release */ = {
			isa = XCBuildConfiguration;
			buildSettings = {
				CODE_SIGN_STYLE = Automatic;
				CURRENT_PROJECT_VERSION = 1;
				DEVELOPMENT_TEAM = JP4TN5PTS3;
				GENERATE_INFOPLIST_FILE = YES;
				MARKETING_VERSION = 1.0;
				PRODUCT_BUNDLE_IDENTIFIER = com.zzoutuo.SubTally.SubTallyUITests;
				PRODUCT_NAME = "$(TARGET_NAME)";
				SWIFT_EMIT_LOC_STRINGS = NO;
				SWIFT_VERSION = 5.0;
				TARGETED_DEVICE_FAMILY = "1,2";
				TEST_TARGET_NAME = SubTally;
			};
			name = Release;
		};
		6A62859D2F97C052005AF223 /* Debug */ = {
			isa = XCBuildConfiguration;
			buildSettings = {
				ASSETCATALOG_COMPILER_GLOBAL_ACCENT_COLOR_NAME = AccentColor;
				ASSETCATALOG_COMPILER_WIDGET_BACKGROUND_COLOR_NAME = WidgetBackground;
				CODE_SIGN_ENTITLEMENTS = SubTallyWidgetExtension.entitlements;
				CODE_SIGN_STYLE = Automatic;
				CURRENT_PROJECT_VERSION = 1;
				DEVELOPMENT_TEAM = JP4TN5PTS3;
				GENERATE_INFOPLIST_FILE = YES;
				INFOPLIST_FILE = SubTallyWidget/Info.plist;
				INFOPLIST_KEY_CFBundleDisplayName = SubTallyWidget;
				INFOPLIST_KEY_NSHumanReadableCopyright = "";
				LD_RUNPATH_SEARCH_PATHS = (
					"$(inherited)",
					"@executable_path/Frameworks",
					"@executable_path/../../Frameworks",
				);
				MARKETING_VERSION = 1.0;
				PRODUCT_BUNDLE_IDENTIFIER = com.zzoutuo.SubTally.SubTallyWidget;
				PRODUCT_NAME = "$(TARGET_NAME)";
				SKIP_INSTALL = YES;
				SWIFT_EMIT_LOC_STRINGS = YES;
				SWIFT_VERSION = 5.0;
				TARGETED_DEVICE_FAMILY = "1,2";
			};
			name = Debug;
		};
		6A62859E2F97C052005AF223 /* Release */ = {
			isa = XCBuildConfiguration;
			buildSettings = {
				ASSETCATALOG_COMPILER_GLOBAL_ACCENT_COLOR_NAME = AccentColor;
				ASSETCATALOG_COMPILER_WIDGET_BACKGROUND_COLOR_NAME = WidgetBackground;
				CODE_SIGN_ENTITLEMENTS = SubTallyWidgetExtension.entitlements;
				CODE_SIGN_STYLE = Automatic;
				CURRENT_PROJECT_VERSION = 1;
				DEVELOPMENT_TEAM = JP4TN5PTS3;
				GENERATE_INFOPLIST_FILE = YES;
				INFOPLIST_FILE = SubTallyWidget/Info.plist;
				INFOPLIST_KEY_CFBundleDisplayName = SubTallyWidget;
				INFOPLIST_KEY_NSHumanReadableCopyright = "";
				LD_RUNPATH_SEARCH_PATHS = (
					"$(inherited)",
					"@executable_path/Frameworks",
					"@executable_path/../../Frameworks",
				);
				MARKETING_VERSION = 1.0;
				PRODUCT_BUNDLE_IDENTIFIER = com.zzoutuo.SubTally.SubTallyWidget;
				PRODUCT_NAME = "$(TARGET_NAME)";
				SKIP_INSTALL = YES;
				SWIFT_EMIT_LOC_STRINGS = YES;
				SWIFT_VERSION = 5.0;
				TARGETED_DEVICE_FAMILY = "1,2";
			};
			name = Release;
		};
/* End XCBuildConfiguration section */

/* Begin XCConfigurationList section */
		6A34F0112F97930B00E67D88 /* Build configuration list for PBXProject "SubTally" */ = {
			isa = XCConfigurationList;
			buildConfigurations = (
				6A34F0352F97930D00E67D88 /* Debug */,
				6A34F0362F97930D00E67D88 /* Release */,
			);
			defaultConfigurationIsVisible = 0;
			defaultConfigurationName = Release;
		};
		6A34F0372F97930D00E67D88 /* Build configuration list for PBXNativeTarget "SubTally" */ = {
			isa = XCConfigurationList;
			buildConfigurations = (
				6A34F0382F97930D00E67D88 /* Debug */,
				6A34F0392F97930D00E67D88 /* Release */,
			);
			defaultConfigurationIsVisible = 0;
			defaultConfigurationName = Release;
		};
		6A34F03A2F97930D00E67D88 /* Build configuration list for PBXNativeTarget "SubTallyTests" */ = {
			isa = XCConfigurationList;
			buildConfigurations = (
				6A34F03B2F97930D00E67D88 /* Debug */,
				6A34F03C2F97930D00E67D88 /* Release */,
			);
			defaultConfigurationIsVisible = 0;
			defaultConfigurationName = Release;
		};
		6A34F03D2F97930D00E67D88 /* Build configuration list for PBXNativeTarget "SubTallyUITests" */ = {
			isa = XCConfigurationList;
			buildConfigurations = (
				6A34F03E2F97930D00E67D88 /* Debug */,
				6A34F03F2F97930D00E67D88 /* Release */,
			);
			defaultConfigurationIsVisible = 0;
			defaultConfigurationName = Release;
		};
		6A62859C2F97C052005AF223 /* Build configuration list for PBXNativeTarget "SubTallyWidgetExtension" */ = {
			isa = XCConfigurationList;
			buildConfigurations = (
				6A62859D2F97C052005AF223 /* Debug */,
				6A62859E2F97C052005AF223 /* Release */,
			);
			defaultConfigurationIsVisible = 0;
			defaultConfigurationName = Release;
		};
/* End XCConfigurationList section */
	};
	rootObject = 6A34F00E2F97930B00E67D88 /* Project object */;
}
